<Solution>
  <Folder Name="/Elementos de la solución/">
    <File Path=".gitignore" />
    <File Path="docker-compose.yml" />
  </Folder>
  <Project Path="D:/AppLocal/LocalMarket/LocalMarket.API/LocalMarket.API.csproj" />
  <Project Path="D:/AppLocal/LocalMarket/LocalMarket.Core/LocalMarket.Core.csproj" />
  <Project Path="D:/AppLocal/LocalMarket/LocalMarket.Infrastructure/LocalMarket.Infrastructure.csproj" />
</Solution>
